# Generated by buf. DO NOT EDIT.
version: v1
deps:
  - remote: buf.build
    owner: googleapis
    repository: googleapis
    branch: main
    commit: 23d474168dc6478483cb1de471ae60dc
    digest: b1-USnGnjcACVLg-M5NDxLeg0NBM1NlcV3ttRwQqKydbis=
    create_time: 2022-03-31T15:09:54.137039Z
  - remote: buf.build
    owner: grpc-ecosystem
    repository: grpc-gateway
    branch: main
    commit: f85c60ac38544f2d8f346491c9d916e5
    digest: b1-qqV9hYsmYDGNXfic_Vap4lKVarQS4-RGAllaxwnTljM=
    create_time: 2022-03-21T20:28:59.8282Z
